
Microsoft Visual Studio Solution File, Format Version 12.00
# Visual Studio Version 17
VisualStudioVersion = 17.1.32210.238
MinimumVisualStudioVersion = 10.0.40219.1
Project("{FAE04EC0-301F-11D3-BF4B-00C04F79EFBC}") = "BlazorEcommerce.Server", "BlazorEcommerce\Server\BlazorEcommerce.Server.csproj", "{0B76EEA0-256D-441D-8BE2-30C674871B07}"
EndProject
Project("{FAE04EC0-301F-11D3-BF4B-00C04F79EFBC}") = "BlazorEcommerce.Client", "BlazorEcommerce\Client\BlazorEcommerce.Client.csproj", "{58C23312-C0ED-4469-95B1-6159B960EE87}"
EndProject
Project("{FAE04EC0-301F-11D3-BF4B-00C04F79EFBC}") = "BlazorEcommerce.Shared", "BlazorEcommerce\Shared\BlazorEcommerce.Shared.csproj", "{1ACE7EC1-1D6D-4303-9CFC-F0474F741EFB}"
EndProject
Global
	GlobalSection(SolutionConfigurationPlatforms) = preSolution
		Debug|Any CPU = Debug|Any CPU
		Release|Any CPU = Release|Any CPU
	EndGlobalSection
	GlobalSection(ProjectConfigurationPlatforms) = postSolution
		{0B76EEA0-256D-441D-8BE2-30C674871B07}.Debug|Any CPU.ActiveCfg = Debug|Any CPU
		{0B76EEA0-256D-441D-8BE2-30C674871B07}.Debug|Any CPU.Build.0 = Debug|Any CPU
		{0B76EEA0-256D-441D-8BE2-30C674871B07}.Release|Any CPU.ActiveCfg = Release|Any CPU
		{0B76EEA0-256D-441D-8BE2-30C674871B07}.Release|Any CPU.Build.0 = Release|Any CPU
		{58C23312-C0ED-4469-95B1-6159B960EE87}.Debug|Any CPU.ActiveCfg = Debug|Any CPU
		{58C23312-C0ED-4469-95B1-6159B960EE87}.Debug|Any CPU.Build.0 = Debug|Any CPU
		{58C23312-C0ED-4469-95B1-6159B960EE87}.Release|Any CPU.ActiveCfg = Release|Any CPU
		{58C23312-C0ED-4469-95B1-6159B960EE87}.Release|Any CPU.Build.0 = Release|Any CPU
		{1ACE7EC1-1D6D-4303-9CFC-F0474F741EFB}.Debug|Any CPU.ActiveCfg = Debug|Any CPU
		{1ACE7EC1-1D6D-4303-9CFC-F0474F741EFB}.Debug|Any CPU.Build.0 = Debug|Any CPU
		{1ACE7EC1-1D6D-4303-9CFC-F0474F741EFB}.Release|Any CPU.ActiveCfg = Release|Any CPU
		{1ACE7EC1-1D6D-4303-9CFC-F0474F741EFB}.Release|Any CPU.Build.0 = Release|Any CPU
	EndGlobalSection
	GlobalSection(SolutionProperties) = preSolution
		HideSolutionNode = FALSE
	EndGlobalSection
	GlobalSection(ExtensibilityGlobals) = postSolution
		SolutionGuid = {709CD7ED-3C86-4DF6-9465-B49EF77CEEC1}
	EndGlobalSection
EndGlobal
